// !$*UTF8*$!
{
	archiveVersion = 1;
	classes = {
	};
	objectVersion = 46;
	objects = {

/* Begin PBXBuildFile section */
		566B52431D88EB430006B148 /* TPITextualKappa.m in Sources */ = {isa = PBXBuildFile; fileRef = 568BE56A1BEEB16A0081846B /* TPITextualKappa.m */; };
		569439461C43076400FEEC13 /* Resources in Resources */ = {isa = PBXBuildFile; fileRef = 561494E71BEFD6E0007805A9 /* Resources */; };
		5697ED7B1D0A64B400E31E3F /* TextualKappa.bundle in CopyFiles */ = {isa = PBXBuildFile; fileRef = 56872D161BE95BD9008F70AF /* TextualKappa.bundle */; settings = {ATTRIBUTES = (RemoveHeadersOnCopy, ); }; };
		5697ED7D1D0A6BAE00E31E3F /* TPITextualKappaPrefs.xib in Resources */ = {isa = PBXBuildFile; fileRef = 5697ED7C1D0A6BAE00E31E3F /* TPITextualKappaPrefs.xib */; };
/* End PBXBuildFile section */

/* Begin PBXCopyFilesBuildPhase section */
		5697ED7A1D0A64AE00E31E3F /* CopyFiles */ = {
			isa = PBXCopyFilesBuildPhase;
			buildActionMask = 2147483647;
			dstPath = "~/Library/Group Containers/com.codeux.apps.textual/Library/Application Support/Textual/Extensions";
			dstSubfolderSpec = 0;
			files = (
				5697ED7B1D0A64B400E31E3F /* TextualKappa.bundle in CopyFiles */,
			);
			runOnlyForDeploymentPostprocessing = 0;
		};
/* End PBXCopyFilesBuildPhase section */

/* Begin PBXFileReference section */
		561494E71BEFD6E0007805A9 /* Resources */ = {isa = PBXFileReference; lastKnownFileType = folder; path = Resources; sourceTree = "<group>"; };
		566B52411D88EAE40006B148 /* Headers */ = {isa = PBXFileReference; lastKnownFileType = folder; name = Headers; path = ../../Textual/Classes/Headers; sourceTree = "<group>"; };
		56872D161BE95BD9008F70AF /* TextualKappa.bundle */ = {isa = PBXFileReference; explicitFileType = wrapper.cfbundle; includeInIndex = 0; path = TextualKappa.bundle; sourceTree = BUILT_PRODUCTS_DIR; };
		56872D191BE95BD9008F70AF /* Info.plist */ = {isa = PBXFileReference; lastKnownFileType = text.plist.xml; path = Info.plist; sourceTree = "<group>"; };
		568BE5691BEEB16A0081846B /* TPITextualKappa.h */ = {isa = PBXFileReference; fileEncoding = 4; lastKnownFileType = sourcecode.c.h; path = TPITextualKappa.h; sourceTree = "<group>"; };
		568BE56A1BEEB16A0081846B /* TPITextualKappa.m */ = {isa = PBXFileReference; fileEncoding = 4; lastKnownFileType = sourcecode.c.objc; path = TPITextualKappa.m; sourceTree = "<group>"; };
		5697ED7C1D0A6BAE00E31E3F /* TPITextualKappaPrefs.xib */ = {isa = PBXFileReference; fileEncoding = 4; lastKnownFileType = file.xib; name = TPITextualKappaPrefs.xib; path = "TextualKappa/User Interface/TPITextualKappaPrefs.xib"; sourceTree = "<group>"; };
/* End PBXFileReference section */

/* Begin PBXFrameworksBuildPhase section */
		56872D131BE95BD9008F70AF /* Frameworks */ = {
			isa = PBXFrameworksBuildPhase;
			buildActionMask = 2147483647;
			files = (
			);
			runOnlyForDeploymentPostprocessing = 0;
		};
/* End PBXFrameworksBuildPhase section */

/* Begin PBXGroup section */
		56872D0D1BE95BD8008F70AF = {
			isa = PBXGroup;
			children = (
				56872D181BE95BD9008F70AF /* TextualKappa */,
				56872D171BE95BD9008F70AF /* Products */,
			);
			sourceTree = "<group>";
		};
		56872D171BE95BD9008F70AF /* Products */ = {
			isa = PBXGroup;
			children = (
				56872D161BE95BD9008F70AF /* TextualKappa.bundle */,
			);
			name = Products;
			sourceTree = "<group>";
		};
		56872D181BE95BD9008F70AF /* TextualKappa */ = {
			isa = PBXGroup;
			children = (
				566B52411D88EAE40006B148 /* Headers */,
				568BE5691BEEB16A0081846B /* TPITextualKappa.h */,
				568BE56A1BEEB16A0081846B /* TPITextualKappa.m */,
				56872D191BE95BD9008F70AF /* Info.plist */,
				561494E71BEFD6E0007805A9 /* Resources */,
				56E988431D121D1A00173C49 /* User Interface */,
			);
			path = TextualKappa;
			sourceTree = "<group>";
		};
		56E988431D121D1A00173C49 /* User Interface */ = {
			isa = PBXGroup;
			children = (
				5697ED7C1D0A6BAE00E31E3F /* TPITextualKappaPrefs.xib */,
			);
			name = "User Interface";
			path = ..;
			sourceTree = "<group>";
		};
/* End PBXGroup section */

/* Begin PBXNativeTarget section */
		56872D151BE95BD9008F70AF /* TextualKappa */ = {
			isa = PBXNativeTarget;
			buildConfigurationList = 56872D1C1BE95BD9008F70AF /* Build configuration list for PBXNativeTarget "TextualKappa" */;
			buildPhases = (
				56872D121BE95BD9008F70AF /* Sources */,
				56872D131BE95BD9008F70AF /* Frameworks */,
				56872D141BE95BD9008F70AF /* Resources */,
				5697ED7A1D0A64AE00E31E3F /* CopyFiles */,
			);
			buildRules = (
			);
			dependencies = (
			);
			name = TextualKappa;
			productName = TextualKappa;
			productReference = 56872D161BE95BD9008F70AF /* TextualKappa.bundle */;
			productType = "com.apple.product-type.bundle";
		};
/* End PBXNativeTarget section */

/* Begin PBXProject section */
		56872D0E1BE95BD8008F70AF /* Project object */ = {
			isa = PBXProject;
			attributes = {
				LastUpgradeCheck = 0720;
				ORGANIZATIONNAME = sbine;
				TargetAttributes = {
					56872D151BE95BD9008F70AF = {
						CreatedOnToolsVersion = 7.1;
					};
				};
			};
			buildConfigurationList = 56872D111BE95BD8008F70AF /* Build configuration list for PBXProject "TextualKappa" */;
			compatibilityVersion = "Xcode 3.2";
			developmentRegion = English;
			hasScannedForEncodings = 0;
			knownRegions = (
				en,
			);
			mainGroup = 56872D0D1BE95BD8008F70AF;
			productRefGroup = 56872D171BE95BD9008F70AF /* Products */;
			projectDirPath = "";
			projectRoot = "";
			targets = (
				56872D151BE95BD9008F70AF /* TextualKappa */,
			);
		};
/* End PBXProject section */

/* Begin PBXResourcesBuildPhase section */
		56872D141BE95BD9008F70AF /* Resources */ = {
			isa = PBXResourcesBuildPhase;
			buildActionMask = 2147483647;
			files = (
				569439461C43076400FEEC13 /* Resources in Resources */,
				5697ED7D1D0A6BAE00E31E3F /* TPITextualKappaPrefs.xib in Resources */,
			);
			runOnlyForDeploymentPostprocessing = 0;
		};
/* End PBXResourcesBuildPhase section */

/* Begin PBXSourcesBuildPhase section */
		56872D121BE95BD9008F70AF /* Sources */ = {
			isa = PBXSourcesBuildPhase;
			buildActionMask = 2147483647;
			files = (
				566B52431D88EB430006B148 /* TPITextualKappa.m in Sources */,
			);
			runOnlyForDeploymentPostprocessing = 0;
		};
/* End PBXSourcesBuildPhase section */

/* Begin XCBuildConfiguration section */
		56872D1A1BE95BD9008F70AF /* Debug */ = {
			isa = XCBuildConfiguration;
			buildSettings = {
				ALWAYS_SEARCH_USER_PATHS = NO;
				CLANG_CXX_LANGUAGE_STANDARD = "gnu++0x";
				CLANG_CXX_LIBRARY = "libc++";
				CLANG_ENABLE_MODULES = YES;
				CLANG_ENABLE_OBJC_ARC = YES;
				CLANG_WARN_BOOL_CONVERSION = YES;
				CLANG_WARN_CONSTANT_CONVERSION = YES;
				CLANG_WARN_DIRECT_OBJC_ISA_USAGE = YES_ERROR;
				CLANG_WARN_EMPTY_BODY = YES;
				CLANG_WARN_ENUM_CONVERSION = YES;
				CLANG_WARN_INT_CONVERSION = YES;
				CLANG_WARN_OBJC_ROOT_CLASS = YES_ERROR;
				CLANG_WARN_UNREACHABLE_CODE = YES;
				CLANG_WARN__DUPLICATE_METHOD_MATCH = YES;
				CODE_SIGN_IDENTITY = "-";
				COPY_PHASE_STRIP = NO;
				DEBUG_INFORMATION_FORMAT = dwarf;
				ENABLE_STRICT_OBJC_MSGSEND = YES;
				ENABLE_TESTABILITY = YES;
				GCC_C_LANGUAGE_STANDARD = gnu99;
				GCC_DYNAMIC_NO_PIC = NO;
				GCC_NO_COMMON_BLOCKS = YES;
				GCC_OPTIMIZATION_LEVEL = 0;
				GCC_PREPROCESSOR_DEFINITIONS = (
					"DEBUG=1",
					"$(inherited)",
				);
				GCC_WARN_64_TO_32_BIT_CONVERSION = YES;
				GCC_WARN_ABOUT_RETURN_TYPE = YES_ERROR;
				GCC_WARN_UNDECLARED_SELECTOR = YES;
				GCC_WARN_UNINITIALIZED_AUTOS = YES_AGGRESSIVE;
				GCC_WARN_UNUSED_FUNCTION = YES;
				GCC_WARN_UNUSED_VARIABLE = YES;
				MACOSX_DEPLOYMENT_TARGET = 10.10;
				MTL_ENABLE_DEBUG_INFO = YES;
				ONLY_ACTIVE_ARCH = YES;
				SDKROOT = macosx;
			};
			name = Debug;
		};
		56872D1B1BE95BD9008F70AF /* Release */ = {
			isa = XCBuildConfiguration;
			buildSettings = {
				ALWAYS_SEARCH_USER_PATHS = NO;
				CLANG_CXX_LANGUAGE_STANDARD = "gnu++0x";
				CLANG_CXX_LIBRARY = "libc++";
				CLANG_ENABLE_MODULES = YES;
				CLANG_ENABLE_OBJC_ARC = YES;
				CLANG_WARN_BOOL_CONVERSION = YES;
				CLANG_WARN_CONSTANT_CONVERSION = YES;
				CLANG_WARN_DIRECT_OBJC_ISA_USAGE = YES_ERROR;
				CLANG_WARN_EMPTY_BODY = YES;
				CLANG_WARN_ENUM_CONVERSION = YES;
				CLANG_WARN_INT_CONVERSION = YES;
				CLANG_WARN_OBJC_ROOT_CLASS = YES_ERROR;
				CLANG_WARN_UNREACHABLE_CODE = YES;
				CLANG_WARN__DUPLICATE_METHOD_MATCH = YES;
				CODE_SIGN_IDENTITY = "-";
				COPY_PHASE_STRIP = NO;
				DEBUG_INFORMATION_FORMAT = "dwarf-with-dsym";
				ENABLE_NS_ASSERTIONS = NO;
				ENABLE_STRICT_OBJC_MSGSEND = YES;
				GCC_C_LANGUAGE_STANDARD = gnu99;
				GCC_NO_COMMON_BLOCKS = YES;
				GCC_WARN_64_TO_32_BIT_CONVERSION = YES;
				GCC_WARN_ABOUT_RETURN_TYPE = YES_ERROR;
				GCC_WARN_UNDECLARED_SELECTOR = YES;
				GCC_WARN_UNINITIALIZED_AUTOS = YES_AGGRESSIVE;
				GCC_WARN_UNUSED_FUNCTION = YES;
				GCC_WARN_UNUSED_VARIABLE = YES;
				MACOSX_DEPLOYMENT_TARGET = 10.10;
				MTL_ENABLE_DEBUG_INFO = NO;
				SDKROOT = macosx;
			};
			name = Release;
		};
		56872D1D1BE95BD9008F70AF /* Debug */ = {
			isa = XCBuildConfiguration;
			buildSettings = {
				BUNDLE_LOADER = "../Textual/Build Results/Release/Textual.app/Contents/MacOS/Textual";
				COMBINE_HIDPI_IMAGES = YES;
				FRAMEWORK_SEARCH_PATHS = "\"../Textual/Build Results/Release/Textual.app/Contents/Frameworks/**\"";
				HEADER_SEARCH_PATHS = "\"../Textual/Build Results/Release/Textual.app/Contents/Headers/**\"";
				INFOPLIST_FILE = TextualKappa/Info.plist;
				INSTALL_PATH = "$(LOCAL_LIBRARY_DIR)/Bundles";
				PRODUCT_BUNDLE_IDENTIFIER = sbine.TextualKappa;
				PRODUCT_NAME = "$(TARGET_NAME)";
				SKIP_INSTALL = YES;
				WRAPPER_EXTENSION = bundle;
			};
			name = Debug;
		};
		56872D1E1BE95BD9008F70AF /* Release */ = {
			isa = XCBuildConfiguration;
			buildSettings = {
				BUNDLE_LOADER = "../Textual/Build Results/Release/Textual.app/Contents/MacOS/Textual";
				COMBINE_HIDPI_IMAGES = YES;
				FRAMEWORK_SEARCH_PATHS = "\"../Textual/Build Results/Release/Textual.app/Contents/Frameworks/**\"";
				HEADER_SEARCH_PATHS = "\"../Textual/Build Results/Release/Textual.app/Contents/Headers/**\"";
				INFOPLIST_FILE = TextualKappa/Info.plist;
				INSTALL_PATH = "$(LOCAL_LIBRARY_DIR)/Bundles";
				PRODUCT_BUNDLE_IDENTIFIER = sbine.TextualKappa;
				PRODUCT_NAME = "$(TARGET_NAME)";
				SKIP_INSTALL = YES;
				WRAPPER_EXTENSION = bundle;
			};
			name = Release;
		};
/* End XCBuildConfiguration section */

/* Begin XCConfigurationList section */
		56872D111BE95BD8008F70AF /* Build configuration list for PBXProject "TextualKappa" */ = {
			isa = XCConfigurationList;
			buildConfigurations = (
				56872D1A1BE95BD9008F70AF /* Debug */,
				56872D1B1BE95BD9008F70AF /* Release */,
			);
			defaultConfigurationIsVisible = 0;
			defaultConfigurationName = Release;
		};
		56872D1C1BE95BD9008F70AF /* Build configuration list for PBXNativeTarget "TextualKappa" */ = {
			isa = XCConfigurationList;
			buildConfigurations = (
				56872D1D1BE95BD9008F70AF /* Debug */,
				56872D1E1BE95BD9008F70AF /* Release */,
			);
			defaultConfigurationIsVisible = 0;
			defaultConfigurationName = Release;
		};
/* End XCConfigurationList section */
	};
	rootObject = 56872D0E1BE95BD8008F70AF /* Project object */;
}
